
Microsoft Visual Studio Solution File, Format Version 12.00
# Visual Studio Version 16
VisualStudioVersion = 16.0.810.17
MinimumVisualStudioVersion = 10.0.40219.1
Project("{FAE04EC0-301F-11D3-BF4B-00C04F79EFBC}") = "UtahCrashStats", "UtahCrashStats\UtahCrashStats.csproj", "{CCC20B39-C5C1-4948-A16E-1AC8D7BCAF03}"
EndProject
Global
	GlobalSection(SolutionConfigurationPlatforms) = preSolution
		Debug|Any CPU = Debug|Any CPU
		Release|Any CPU = Release|Any CPU
	EndGlobalSection
	GlobalSection(ProjectConfigurationPlatforms) = postSolution
		{CCC20B39-C5C1-4948-A16E-1AC8D7BCAF03}.Debug|Any CPU.ActiveCfg = Debug|Any CPU
		{CCC20B39-C5C1-4948-A16E-1AC8D7BCAF03}.Debug|Any CPU.Build.0 = Debug|Any CPU
		{CCC20B39-C5C1-4948-A16E-1AC8D7BCAF03}.Release|Any CPU.ActiveCfg = Release|Any CPU
		{CCC20B39-C5C1-4948-A16E-1AC8D7BCAF03}.Release|Any CPU.Build.0 = Release|Any CPU
	EndGlobalSection
	GlobalSection(SolutionProperties) = preSolution
		HideSolutionNode = FALSE
	EndGlobalSection
	GlobalSection(ExtensibilityGlobals) = postSolution
		SolutionGuid = {B0E0592C-1811-40FD-B746-EEE46BBDD7EF}
	EndGlobalSection
EndGlobal
